
Microsoft Visual Studio Solution File, Format Version 12.00
# Visual Studio Version 17
VisualStudioVersion = 17.13.35806.99 d17.13
MinimumVisualStudioVersion = 10.0.40219.1
Project("{FAE04EC0-301F-11D3-BF4B-00C04F79EFBC}") = "MazeGame", "MazeGame\MazeGame.csproj", "{B69AF70B-8E64-4FE0-866D-B2C124894545}"
EndProject
Global
	GlobalSection(SolutionConfigurationPlatforms) = preSolution
		Debug|Any CPU = Debug|Any CPU
		Release|Any CPU = Release|Any CPU
	EndGlobalSection
	GlobalSection(ProjectConfigurationPlatforms) = postSolution
		{B69AF70B-8E64-4FE0-866D-B2C124894545}.Debug|Any CPU.ActiveCfg = Debug|Any CPU
		{B69AF70B-8E64-4FE0-866D-B2C124894545}.Debug|Any CPU.Build.0 = Debug|Any CPU
		{B69AF70B-8E64-4FE0-866D-B2C124894545}.Release|Any CPU.ActiveCfg = Release|Any CPU
		{B69AF70B-8E64-4FE0-866D-B2C124894545}.Release|Any CPU.Build.0 = Release|Any CPU
	EndGlobalSection
	GlobalSection(SolutionProperties) = preSolution
		HideSolutionNode = FALSE
	EndGlobalSection
	GlobalSection(ExtensibilityGlobals) = postSolution
		SolutionGuid = {5B9C299C-3569-4DA7-9791-E16AAB23BBD8}
	EndGlobalSection
EndGlobal
